
Microsoft Visual Studio Solution File, Format Version 12.00
# Visual Studio Version 17
VisualStudioVersion = 17.13.35806.99
MinimumVisualStudioVersion = 10.0.40219.1
Project("{FAE04EC0-301F-11D3-BF4B-00C04F79EFBC}") = "BDGCodingTask", "BDGCodingTask\BDGCodingTask.csproj", "{7399E3B5-EC7D-4F46-9863-0F48E5294901}"
EndProject
Project("{FAE04EC0-301F-11D3-BF4B-00C04F79EFBC}") = "BDGCodingTaskTesting", "BDGCodingTaskTesting\BDGCodingTaskTesting.csproj", "{8CBBC5F1-256D-4902-AFFB-864A429F2A9E}"
EndProject
Global
	GlobalSection(SolutionConfigurationPlatforms) = preSolution
		Debug|Any CPU = Debug|Any CPU
		Release|Any CPU = Release|Any CPU
	EndGlobalSection
	GlobalSection(ProjectConfigurationPlatforms) = postSolution
		{7399E3B5-EC7D-4F46-9863-0F48E5294901}.Debug|Any CPU.ActiveCfg = Debug|Any CPU
		{7399E3B5-EC7D-4F46-9863-0F48E5294901}.Debug|Any CPU.Build.0 = Debug|Any CPU
		{7399E3B5-EC7D-4F46-9863-0F48E5294901}.Release|Any CPU.ActiveCfg = Release|Any CPU
		{7399E3B5-EC7D-4F46-9863-0F48E5294901}.Release|Any CPU.Build.0 = Release|Any CPU
		{8CBBC5F1-256D-4902-AFFB-864A429F2A9E}.Debug|Any CPU.ActiveCfg = Debug|Any CPU
		{8CBBC5F1-256D-4902-AFFB-864A429F2A9E}.Debug|Any CPU.Build.0 = Debug|Any CPU
		{8CBBC5F1-256D-4902-AFFB-864A429F2A9E}.Release|Any CPU.ActiveCfg = Release|Any CPU
		{8CBBC5F1-256D-4902-AFFB-864A429F2A9E}.Release|Any CPU.Build.0 = Release|Any CPU
	EndGlobalSection
	GlobalSection(SolutionProperties) = preSolution
		HideSolutionNode = FALSE
	EndGlobalSection
	GlobalSection(ExtensibilityGlobals) = postSolution
		SolutionGuid = {76ACC6CF-0B14-414E-AD24-A72178A367B5}
	EndGlobalSection
EndGlobal
